
Microsoft Visual Studio Solution File, Format Version 12.00
# Visual Studio Version 17
VisualStudioVersion = 17.9.34728.123
MinimumVisualStudioVersion = 10.0.40219.1
Project("{9A19103F-16F7-4668-BE54-9A1E7A4F7556}") = "AskGemini", "AskGemini.csproj", "{7EFA8650-CC0A-42A2-88A3-2C59CEF3D76D}"
EndProject
Global
	GlobalSection(SolutionConfigurationPlatforms) = preSolution
		Debug|Any CPU = Debug|Any CPU
		Release|Any CPU = Release|Any CPU
	EndGlobalSection
	GlobalSection(ProjectConfigurationPlatforms) = postSolution
		{7EFA8650-CC0A-42A2-88A3-2C59CEF3D76D}.Debug|Any CPU.ActiveCfg = Debug|Any CPU
		{7EFA8650-CC0A-42A2-88A3-2C59CEF3D76D}.Debug|Any CPU.Build.0 = Debug|Any CPU
		{7EFA8650-CC0A-42A2-88A3-2C59CEF3D76D}.Release|Any CPU.ActiveCfg = Release|Any CPU
		{7EFA8650-CC0A-42A2-88A3-2C59CEF3D76D}.Release|Any CPU.Build.0 = Release|Any CPU
	EndGlobalSection
	GlobalSection(SolutionProperties) = preSolution
		HideSolutionNode = FALSE
	EndGlobalSection
	GlobalSection(ExtensibilityGlobals) = postSolution
		SolutionGuid = {D12794B3-E5E7-466E-838A-EBD264B2D3D0}
	EndGlobalSection
EndGlobal
